
Microsoft Visual Studio Solution File, Format Version 12.00
# Visual Studio 2015
Project("{FAE04EC0-301F-11D3-BF4B-00C04F79EFBC}") = "3DTest.Plugins", "3DTest.Plugins.csproj", "{CF6AE820-2A7B-DD7E-A8FE-AAC818AA80F8}"
EndProject
Project("{FAE04EC0-301F-11D3-BF4B-00C04F79EFBC}") = "3DTest", "3DTest.csproj", "{B0FCE8CC-1AA5-0BF7-E03C-D38A1C4F1CE8}"
EndProject
Project("{FAE04EC0-301F-11D3-BF4B-00C04F79EFBC}") = "3DTest.Editor", "3DTest.Editor.csproj", "{BD7E5820-8D4B-393A-E916-3DFA91376B0F}"
EndProject
Global
	GlobalSection(SolutionConfigurationPlatforms) = preSolution
		Debug|Any CPU = Debug|Any CPU
		Release|Any CPU = Release|Any CPU
	EndGlobalSection
	GlobalSection(ProjectConfigurationPlatforms) = postSolution
		{CF6AE820-2A7B-DD7E-A8FE-AAC818AA80F8}.Debug|Any CPU.ActiveCfg = Debug|Any CPU
		{CF6AE820-2A7B-DD7E-A8FE-AAC818AA80F8}.Debug|Any CPU.Build.0 = Debug|Any CPU
		{CF6AE820-2A7B-DD7E-A8FE-AAC818AA80F8}.Release|Any CPU.ActiveCfg = Release|Any CPU
		{CF6AE820-2A7B-DD7E-A8FE-AAC818AA80F8}.Release|Any CPU.Build.0 = Release|Any CPU
		{B0FCE8CC-1AA5-0BF7-E03C-D38A1C4F1CE8}.Debug|Any CPU.ActiveCfg = Debug|Any CPU
		{B0FCE8CC-1AA5-0BF7-E03C-D38A1C4F1CE8}.Debug|Any CPU.Build.0 = Debug|Any CPU
		{B0FCE8CC-1AA5-0BF7-E03C-D38A1C4F1CE8}.Release|Any CPU.ActiveCfg = Release|Any CPU
		{B0FCE8CC-1AA5-0BF7-E03C-D38A1C4F1CE8}.Release|Any CPU.Build.0 = Release|Any CPU
		{BD7E5820-8D4B-393A-E916-3DFA91376B0F}.Debug|Any CPU.ActiveCfg = Debug|Any CPU
		{BD7E5820-8D4B-393A-E916-3DFA91376B0F}.Debug|Any CPU.Build.0 = Debug|Any CPU
		{BD7E5820-8D4B-393A-E916-3DFA91376B0F}.Release|Any CPU.ActiveCfg = Release|Any CPU
		{BD7E5820-8D4B-393A-E916-3DFA91376B0F}.Release|Any CPU.Build.0 = Release|Any CPU
	EndGlobalSection
	GlobalSection(SolutionProperties) = preSolution
		HideSolutionNode = FALSE
	EndGlobalSection
EndGlobal
